{
  "name": "is-khushal",
  "version": "1.0.1",
  "lockfileVersion": 3,
  "requires": true,
  "packages": {
    "": {
      "name": "is-khushal",
      "version": "1.0.1",
      "license": "ISC",
      "dependencies": {
        "is-khushal": "file:"
      }
    },
    "node_modules/is-khushal": {
      "resolved": "",
      "link": true
    }
  }
}
